
Microsoft Visual Studio Solution File, Format Version 12.00
# Visual Studio Version 17
VisualStudioVersion = 17.3.32811.315
MinimumVisualStudioVersion = 10.0.40219.1
Project("{FAE04EC0-301F-11D3-BF4B-00C04F79EFBC}") = "aspnetcore-mvc-boilerplate.WEB", "aspnetcore-mvc-boilerplate.WEB\aspnetcore-mvc-boilerplate.WEB.csproj", "{B42277AD-A55F-44E9-BA3C-E776F97254E1}"
EndProject
Global
	GlobalSection(SolutionConfigurationPlatforms) = preSolution
		Debug|Any CPU = Debug|Any CPU
		Release|Any CPU = Release|Any CPU
	EndGlobalSection
	GlobalSection(ProjectConfigurationPlatforms) = postSolution
		{B42277AD-A55F-44E9-BA3C-E776F97254E1}.Debug|Any CPU.ActiveCfg = Debug|Any CPU
		{B42277AD-A55F-44E9-BA3C-E776F97254E1}.Debug|Any CPU.Build.0 = Debug|Any CPU
		{B42277AD-A55F-44E9-BA3C-E776F97254E1}.Release|Any CPU.ActiveCfg = Release|Any CPU
		{B42277AD-A55F-44E9-BA3C-E776F97254E1}.Release|Any CPU.Build.0 = Release|Any CPU
	EndGlobalSection
	GlobalSection(SolutionProperties) = preSolution
		HideSolutionNode = FALSE
	EndGlobalSection
	GlobalSection(ExtensibilityGlobals) = postSolution
		SolutionGuid = {9BAE792A-BE21-4B87-B644-1E25D89D2992}
	EndGlobalSection
EndGlobal
